lockfileVersion: '9.0'

settings:
  autoInstallPeers: true
  excludeLinksFromLockfile: false

importers:

  .:
    dependencies:
      aws4fetch:
        specifier: ^1.0.13
        version: 1.0.18
    devDependencies:
      prettier:
        specifier: ^1.18.2
        version: 1.19.1

packages:

  aws4fetch@1.0.18:
    resolution: {integrity: sha512-3Cf+YaUl07p24MoQ46rFwulAmiyCwH2+1zw1ZyPAX5OtJ34Hh185DwB8y/qRLb6cYYYtSFJ9pthyLc0MD4e8sQ==}

  prettier@1.19.1:
    resolution: {integrity: sha512-s7PoyDv/II1ObgQunCbB9PdLmUcBZcnWOcxDh7O0N/UwDEsHyqkW+Qh28jW+mVuCdx7gLB0BotYI1Y6uI9iyew==}
    engines: {node: '>=4'}
    hasBin: true

snapshots:

  aws4fetch@1.0.18: {}

  prettier@1.19.1: {}
